
Microsoft Visual Studio Solution File, Format Version 12.00
# Visual Studio 15
VisualStudioVersion = 15.0.28307.489
MinimumVisualStudioVersion = 10.0.40219.1
Project("{9A19103F-16F7-4668-BE54-9A1E7A4F7556}") = "QWiki", "QWiki.csproj", "{BD6F6A5F-E5FD-4705-A2B8-D68D4121ACA9}"
EndProject
Global
	GlobalSection(SolutionConfigurationPlatforms) = preSolution
		Debug|Any CPU = Debug|Any CPU
		Release|Any CPU = Release|Any CPU
	EndGlobalSection
	GlobalSection(ProjectConfigurationPlatforms) = postSolution
		{BD6F6A5F-E5FD-4705-A2B8-D68D4121ACA9}.Debug|Any CPU.ActiveCfg = Debug|Any CPU
		{BD6F6A5F-E5FD-4705-A2B8-D68D4121ACA9}.Debug|Any CPU.Build.0 = Debug|Any CPU
		{BD6F6A5F-E5FD-4705-A2B8-D68D4121ACA9}.Release|Any CPU.ActiveCfg = Release|Any CPU
		{BD6F6A5F-E5FD-4705-A2B8-D68D4121ACA9}.Release|Any CPU.Build.0 = Release|Any CPU
	EndGlobalSection
	GlobalSection(SolutionProperties) = preSolution
		HideSolutionNode = FALSE
	EndGlobalSection
	GlobalSection(ExtensibilityGlobals) = postSolution
		SolutionGuid = {D63D72AC-35C7-4A5D-BD90-219F549B5A8A}
	EndGlobalSection
EndGlobal
